// !$*UTF8*$!
{
	archiveVersion = 1;
	classes = {
	};
	objectVersion = 50;
	objects = {

/* Begin PBXBuildFile section */
		8868D2852678B81300F083D2 /* AppDelegate.swift in Sources */ = {isa = PBXBuildFile; fileRef = 8868D2842678B81300F083D2 /* AppDelegate.swift */; };
		8868D2872678B81300F083D2 /* SceneDelegate.swift in Sources */ = {isa = PBXBuildFile; fileRef = 8868D2862678B81300F083D2 /* SceneDelegate.swift */; };
		8868D28C2678B81300F083D2 /* Main.storyboard in Resources */ = {isa = PBXBuildFile; fileRef = 8868D28A2678B81300F083D2 /* Main.storyboard */; };
		8868D28E2678B81400F083D2 /* Assets.xcassets in Resources */ = {isa = PBXBuildFile; fileRef = 8868D28D2678B81400F083D2 /* Assets.xcassets */; };
		8868D2912678B81400F083D2 /* LaunchScreen.storyboard in Resources */ = {isa = PBXBuildFile; fileRef = 8868D28F2678B81400F083D2 /* LaunchScreen.storyboard */; };
		8868D2992678C07100F083D2 /* TaskListTVC.swift in Sources */ = {isa = PBXBuildFile; fileRef = 8868D2982678C07100F083D2 /* TaskListTVC.swift */; };
		8868D29B2678C0A400F083D2 /* TaskVC.swift in Sources */ = {isa = PBXBuildFile; fileRef = 8868D29A2678C0A400F083D2 /* TaskVC.swift */; };
		8868D29D2678C11700F083D2 /* TaskCell.swift in Sources */ = {isa = PBXBuildFile; fileRef = 8868D29C2678C11700F083D2 /* TaskCell.swift */; };
		8868D29F2678C16200F083D2 /* Delegates.swift in Sources */ = {isa = PBXBuildFile; fileRef = 8868D29E2678C16200F083D2 /* Delegates.swift */; };
		8868D2A12678C17500F083D2 /* TaskModel.swift in Sources */ = {isa = PBXBuildFile; fileRef = 8868D2A02678C17500F083D2 /* TaskModel.swift */; };
/* End PBXBuildFile section */

/* Begin PBXFileReference section */
		8868D2812678B81300F083D2 /* TODO-List.app */ = {isa = PBXFileReference; explicitFileType = wrapper.application; includeInIndex = 0; path = "TODO-List.app"; sourceTree = BUILT_PRODUCTS_DIR; };
		8868D2842678B81300F083D2 /* AppDelegate.swift */ = {isa = PBXFileReference; lastKnownFileType = sourcecode.swift; path = AppDelegate.swift; sourceTree = "<group>"; };
		8868D2862678B81300F083D2 /* SceneDelegate.swift */ = {isa = PBXFileReference; lastKnownFileType = sourcecode.swift; path = SceneDelegate.swift; sourceTree = "<group>"; };
		8868D28B2678B81300F083D2 /* Base */ = {isa = PBXFileReference; lastKnownFileType = file.storyboard; name = Base; path = Base.lproj/Main.storyboard; sourceTree = "<group>"; };
		8868D28D2678B81400F083D2 /* Assets.xcassets */ = {isa = PBXFileReference; lastKnownFileType = folder.assetcatalog; path = Assets.xcassets; sourceTree = "<group>"; };
		8868D2902678B81400F083D2 /* Base */ = {isa = PBXFileReference; lastKnownFileType = file.storyboard; name = Base; path = Base.lproj/LaunchScreen.storyboard; sourceTree = "<group>"; };
		8868D2922678B81400F083D2 /* Info.plist */ = {isa = PBXFileReference; lastKnownFileType = text.plist.xml; path = Info.plist; sourceTree = "<group>"; };
		8868D2982678C07100F083D2 /* TaskListTVC.swift */ = {isa = PBXFileReference; lastKnownFileType = sourcecode.swift; path = TaskListTVC.swift; sourceTree = "<group>"; };
		8868D29A2678C0A400F083D2 /* TaskVC.swift */ = {isa = PBXFileReference; lastKnownFileType = sourcecode.swift; path = TaskVC.swift; sourceTree = "<group>"; };
		8868D29C2678C11700F083D2 /* TaskCell.swift */ = {isa = PBXFileReference; lastKnownFileType = sourcecode.swift; path = TaskCell.swift; sourceTree = "<group>"; };
		8868D29E2678C16200F083D2 /* Delegates.swift */ = {isa = PBXFileReference; lastKnownFileType = sourcecode.swift; path = Delegates.swift; sourceTree = "<group>"; };
		8868D2A02678C17500F083D2 /* TaskModel.swift */ = {isa = PBXFileReference; lastKnownFileType = sourcecode.swift; path = TaskModel.swift; sourceTree = "<group>"; };
/* End PBXFileReference section */

/* Begin PBXFrameworksBuildPhase section */
		8868D27E2678B81300F083D2 /* Frameworks */ = {
			isa = PBXFrameworksBuildPhase;
			buildActionMask = 2147483647;
			files = (
			);
			runOnlyForDeploymentPostprocessing = 0;
		};
/* End PBXFrameworksBuildPhase section */

/* Begin PBXGroup section */
		8868D2782678B81300F083D2 = {
			isa = PBXGroup;
			children = (
				8868D2832678B81300F083D2 /* TODO-List */,
				8868D2822678B81300F083D2 /* Products */,
			);
			sourceTree = "<group>";
		};
		8868D2822678B81300F083D2 /* Products */ = {
			isa = PBXGroup;
			children = (
				8868D2812678B81300F083D2 /* TODO-List.app */,
			);
			name = Products;
			sourceTree = "<group>";
		};
		8868D2832678B81300F083D2 /* TODO-List */ = {
			isa = PBXGroup;
			children = (
				8868D2842678B81300F083D2 /* AppDelegate.swift */,
				8868D2862678B81300F083D2 /* SceneDelegate.swift */,
				8868D28A2678B81300F083D2 /* Main.storyboard */,
				8868D29E2678C16200F083D2 /* Delegates.swift */,
				8868D2A02678C17500F083D2 /* TaskModel.swift */,
				8868D29C2678C11700F083D2 /* TaskCell.swift */,
				8868D29A2678C0A400F083D2 /* TaskVC.swift */,
				8868D2982678C07100F083D2 /* TaskListTVC.swift */,
				8868D28D2678B81400F083D2 /* Assets.xcassets */,
				8868D28F2678B81400F083D2 /* LaunchScreen.storyboard */,
				8868D2922678B81400F083D2 /* Info.plist */,
			);
			path = "TODO-List";
			sourceTree = "<group>";
		};
/* End PBXGroup section */

/* Begin PBXNativeTarget section */
		8868D2802678B81300F083D2 /* TODO-List */ = {
			isa = PBXNativeTarget;
			buildConfigurationList = 8868D2952678B81400F083D2 /* Build configuration list for PBXNativeTarget "TODO-List" */;
			buildPhases = (
				8868D27D2678B81300F083D2 /* Sources */,
				8868D27E2678B81300F083D2 /* Frameworks */,
				8868D27F2678B81300F083D2 /* Resources */,
			);
			buildRules = (
			);
			dependencies = (
			);
			name = "TODO-List";
			productName = "TODO-List";
			productReference = 8868D2812678B81300F083D2 /* TODO-List.app */;
			productType = "com.apple.product-type.application";
		};
/* End PBXNativeTarget section */

/* Begin PBXProject section */
		8868D2792678B81300F083D2 /* Project object */ = {
			isa = PBXProject;
			attributes = {
				LastSwiftUpdateCheck = 1250;
				LastUpgradeCheck = 1250;
				TargetAttributes = {
					8868D2802678B81300F083D2 = {
						CreatedOnToolsVersion = 12.5;
					};
				};
			};
			buildConfigurationList = 8868D27C2678B81300F083D2 /* Build configuration list for PBXProject "TODO-List" */;
			compatibilityVersion = "Xcode 9.3";
			developmentRegion = en;
			hasScannedForEncodings = 0;
			knownRegions = (
				en,
				Base,
			);
			mainGroup = 8868D2782678B81300F083D2;
			productRefGroup = 8868D2822678B81300F083D2 /* Products */;
			projectDirPath = "";
			projectRoot = "";
			targets = (
				8868D2802678B81300F083D2 /* TODO-List */,
			);
		};
/* End PBXProject section */

/* Begin PBXResourcesBuildPhase section */
		8868D27F2678B81300F083D2 /* Resources */ = {
			isa = PBXResourcesBuildPhase;
			buildActionMask = 2147483647;
			files = (
				8868D2912678B81400F083D2 /* LaunchScreen.storyboard in Resources */,
				8868D28E2678B81400F083D2 /* Assets.xcassets in Resources */,
				8868D28C2678B81300F083D2 /* Main.storyboard in Resources */,
			);
			runOnlyForDeploymentPostprocessing = 0;
		};
/* End PBXResourcesBuildPhase section */

/* Begin PBXSourcesBuildPhase section */
		8868D27D2678B81300F083D2 /* Sources */ = {
			isa = PBXSourcesBuildPhase;
			buildActionMask = 2147483647;
			files = (
				8868D2852678B81300F083D2 /* AppDelegate.swift in Sources */,
				8868D2872678B81300F083D2 /* SceneDelegate.swift in Sources */,
				8868D2992678C07100F083D2 /* TaskListTVC.swift in Sources */,
				8868D29B2678C0A400F083D2 /* TaskVC.swift in Sources */,
				8868D29F2678C16200F083D2 /* Delegates.swift in Sources */,
				8868D29D2678C11700F083D2 /* TaskCell.swift in Sources */,
				8868D2A12678C17500F083D2 /* TaskModel.swift in Sources */,
			);
			runOnlyForDeploymentPostprocessing = 0;
		};
/* End PBXSourcesBuildPhase section */

/* Begin PBXVariantGroup section */
		8868D28A2678B81300F083D2 /* Main.storyboard */ = {
			isa = PBXVariantGroup;
			children = (
				8868D28B2678B81300F083D2 /* Base */,
			);
			name = Main.storyboard;
			sourceTree = "<group>";
		};
		8868D28F2678B81400F083D2 /* LaunchScreen.storyboard */ = {
			isa = PBXVariantGroup;
			children = (
				8868D2902678B81400F083D2 /* Base */,
			);
			name = LaunchScreen.storyboard;
			sourceTree = "<group>";
		};
/* End PBXVariantGroup section */

/* Begin XCBuildConfiguration section */
		8868D2932678B81400F083D2 /* Debug */ = {
			isa = XCBuildConfiguration;
			buildSettings = {
				ALWAYS_SEARCH_USER_PATHS = NO;
				CLANG_ANALYZER_NONNULL = YES;
				CLANG_ANALYZER_NUMBER_OBJECT_CONVERSION = YES_AGGRESSIVE;
				CLANG_CXX_LANGUAGE_STANDARD = "gnu++14";
				CLANG_CXX_LIBRARY = "libc++";
				CLANG_ENABLE_MODULES = YES;
				CLANG_ENABLE_OBJC_ARC = YES;
				CLANG_ENABLE_OBJC_WEAK = YES;
				CLANG_WARN_BLOCK_CAPTURE_AUTORELEASING = YES;
				CLANG_WARN_BOOL_CONVERSION = YES;
				CLANG_WARN_COMMA = YES;
				CLANG_WARN_CONSTANT_CONVERSION = YES;
				CLANG_WARN_DEPRECATED_OBJC_IMPLEMENTATIONS = YES;
				CLANG_WARN_DIRECT_OBJC_ISA_USAGE = YES_ERROR;
				CLANG_WARN_DOCUMENTATION_COMMENTS = YES;
				CLANG_WARN_EMPTY_BODY = YES;
				CLANG_WARN_ENUM_CONVERSION = YES;
				CLANG_WARN_INFINITE_RECURSION = YES;
				CLANG_WARN_INT_CONVERSION = YES;
				CLANG_WARN_NON_LITERAL_NULL_CONVERSION = YES;
				CLANG_WARN_OBJC_IMPLICIT_RETAIN_SELF = YES;
				CLANG_WARN_OBJC_LITERAL_CONVERSION = YES;
				CLANG_WARN_OBJC_ROOT_CLASS = YES_ERROR;
				CLANG_WARN_QUOTED_INCLUDE_IN_FRAMEWORK_HEADER = YES;
				CLANG_WARN_RANGE_LOOP_ANALYSIS = YES;
				CLANG_WARN_STRICT_PROTOTYPES = YES;
				CLANG_WARN_SUSPICIOUS_MOVE = YES;
				CLANG_WARN_UNGUARDED_AVAILABILITY = YES_AGGRESSIVE;
				CLANG_WARN_UNREACHABLE_CODE = YES;
				CLANG_WARN__DUPLICATE_METHOD_MATCH = YES;
				COPY_PHASE_STRIP = NO;
				DEBUG_INFORMATION_FORMAT = dwarf;
				ENABLE_STRICT_OBJC_MSGSEND = YES;
				ENABLE_TESTABILITY = YES;
				GCC_C_LANGUAGE_STANDARD = gnu11;
				GCC_DYNAMIC_NO_PIC = NO;
				GCC_NO_COMMON_BLOCKS = YES;
				GCC_OPTIMIZATION_LEVEL = 0;
				GCC_PREPROCESSOR_DEFINITIONS = (
					"DEBUG=1",
					"$(inherited)",
				);
				GCC_WARN_64_TO_32_BIT_CONVERSION = YES;
				GCC_WARN_ABOUT_RETURN_TYPE = YES_ERROR;
				GCC_WARN_UNDECLARED_SELECTOR = YES;
				GCC_WARN_UNINITIALIZED_AUTOS = YES_AGGRESSIVE;
				GCC_WARN_UNUSED_FUNCTION = YES;
				GCC_WARN_UNUSED_VARIABLE = YES;
				IPHONEOS_DEPLOYMENT_TARGET = 14.5;
				MTL_ENABLE_DEBUG_INFO = INCLUDE_SOURCE;
				MTL_FAST_MATH = YES;
				ONLY_ACTIVE_ARCH = YES;
				SDKROOT = iphoneos;
				SWIFT_ACTIVE_COMPILATION_CONDITIONS = DEBUG;
				SWIFT_OPTIMIZATION_LEVEL = "-Onone";
			};
			name = Debug;
		};
		8868D2942678B81400F083D2 /* Release */ = {
			isa = XCBuildConfiguration;
			buildSettings = {
				ALWAYS_SEARCH_USER_PATHS = NO;
				CLANG_ANALYZER_NONNULL = YES;
				CLANG_ANALYZER_NUMBER_OBJECT_CONVERSION = YES_AGGRESSIVE;
				CLANG_CXX_LANGUAGE_STANDARD = "gnu++14";
				CLANG_CXX_LIBRARY = "libc++";
				CLANG_ENABLE_MODULES = YES;
				CLANG_ENABLE_OBJC_ARC = YES;
				CLANG_ENABLE_OBJC_WEAK = YES;
				CLANG_WARN_BLOCK_CAPTURE_AUTORELEASING = YES;
				CLANG_WARN_BOOL_CONVERSION = YES;
				CLANG_WARN_COMMA = YES;
				CLANG_WARN_CONSTANT_CONVERSION = YES;
				CLANG_WARN_DEPRECATED_OBJC_IMPLEMENTATIONS = YES;
				CLANG_WARN_DIRECT_OBJC_ISA_USAGE = YES_ERROR;
				CLANG_WARN_DOCUMENTATION_COMMENTS = YES;
				CLANG_WARN_EMPTY_BODY = YES;
				CLANG_WARN_ENUM_CONVERSION = YES;
				CLANG_WARN_INFINITE_RECURSION = YES;
				CLANG_WARN_INT_CONVERSION = YES;
				CLANG_WARN_NON_LITERAL_NULL_CONVERSION = YES;
				CLANG_WARN_OBJC_IMPLICIT_RETAIN_SELF = YES;
				CLANG_WARN_OBJC_LITERAL_CONVERSION = YES;
				CLANG_WARN_OBJC_ROOT_CLASS = YES_ERROR;
				CLANG_WARN_QUOTED_INCLUDE_IN_FRAMEWORK_HEADER = YES;
				CLANG_WARN_RANGE_LOOP_ANALYSIS = YES;
				CLANG_WARN_STRICT_PROTOTYPES = YES;
				CLANG_WARN_SUSPICIOUS_MOVE = YES;
				CLANG_WARN_UNGUARDED_AVAILABILITY = YES_AGGRESSIVE;
				CLANG_WARN_UNREACHABLE_CODE = YES;
				CLANG_WARN__DUPLICATE_METHOD_MATCH = YES;
				COPY_PHASE_STRIP = NO;
				DEBUG_INFORMATION_FORMAT = "dwarf-with-dsym";
				ENABLE_NS_ASSERTIONS = NO;
				ENABLE_STRICT_OBJC_MSGSEND = YES;
				GCC_C_LANGUAGE_STANDARD = gnu11;
				GCC_NO_COMMON_BLOCKS = YES;
				GCC_WARN_64_TO_32_BIT_CONVERSION = YES;
				GCC_WARN_ABOUT_RETURN_TYPE = YES_ERROR;
				GCC_WARN_UNDECLARED_SELECTOR = YES;
				GCC_WARN_UNINITIALIZED_AUTOS = YES_AGGRESSIVE;
				GCC_WARN_UNUSED_FUNCTION = YES;
				GCC_WARN_UNUSED_VARIABLE = YES;
				IPHONEOS_DEPLOYMENT_TARGET = 14.5;
				MTL_ENABLE_DEBUG_INFO = NO;
				MTL_FAST_MATH = YES;
				SDKROOT = iphoneos;
				SWIFT_COMPILATION_MODE = wholemodule;
				SWIFT_OPTIMIZATION_LEVEL = "-O";
				VALIDATE_PRODUCT = YES;
			};
			name = Release;
		};
		8868D2962678B81400F083D2 /* Debug */ = {
			isa = XCBuildConfiguration;
			buildSettings = {
				ASSETCATALOG_COMPILER_APPICON_NAME = AppIcon;
				ASSETCATALOG_COMPILER_GLOBAL_ACCENT_COLOR_NAME = AccentColor;
				CODE_SIGN_STYLE = Automatic;
				DEVELOPMENT_TEAM = WAH5D53TCT;
				INFOPLIST_FILE = "TODO-List/Info.plist";
				LD_RUNPATH_SEARCH_PATHS = (
					"$(inherited)",
					"@executable_path/Frameworks",
				);
				PRODUCT_BUNDLE_IDENTIFIER = "TNS.TODO-List";
				PRODUCT_NAME = "$(TARGET_NAME)";
				SWIFT_VERSION = 5.0;
				TARGETED_DEVICE_FAMILY = 1;
			};
			name = Debug;
		};
		8868D2972678B81400F083D2 /* Release */ = {
			isa = XCBuildConfiguration;
			buildSettings = {
				ASSETCATALOG_COMPILER_APPICON_NAME = AppIcon;
				ASSETCATALOG_COMPILER_GLOBAL_ACCENT_COLOR_NAME = AccentColor;
				CODE_SIGN_STYLE = Automatic;
				DEVELOPMENT_TEAM = WAH5D53TCT;
				INFOPLIST_FILE = "TODO-List/Info.plist";
				LD_RUNPATH_SEARCH_PATHS = (
					"$(inherited)",
					"@executable_path/Frameworks",
				);
				PRODUCT_BUNDLE_IDENTIFIER = "TNS.TODO-List";
				PRODUCT_NAME = "$(TARGET_NAME)";
				SWIFT_VERSION = 5.0;
				TARGETED_DEVICE_FAMILY = 1;
			};
			name = Release;
		};
/* End XCBuildConfiguration section */

/* Begin XCConfigurationList section */
		8868D27C2678B81300F083D2 /* Build configuration list for PBXProject "TODO-List" */ = {
			isa = XCConfigurationList;
			buildConfigurations = (
				8868D2932678B81400F083D2 /* Debug */,
				8868D2942678B81400F083D2 /* Release */,
			);
			defaultConfigurationIsVisible = 0;
			defaultConfigurationName = Release;
		};
		8868D2952678B81400F083D2 /* Build configuration list for PBXNativeTarget "TODO-List" */ = {
			isa = XCConfigurationList;
			buildConfigurations = (
				8868D2962678B81400F083D2 /* Debug */,
				8868D2972678B81400F083D2 /* Release */,
			);
			defaultConfigurationIsVisible = 0;
			defaultConfigurationName = Release;
		};
/* End XCConfigurationList section */
	};
	rootObject = 8868D2792678B81300F083D2 /* Project object */;
}
